Microsoft Visual Studio Solution File, Format Version 11.00
# Visual Studio 2008

Project("{A076B094-B405-E33C-354B-BC409A5555A6}") = "ActionPool", "Assembly-CSharp.csproj", "{53CBE7CE-391B-828D-3751-F656CDB660AD}"
EndProject
Global
	GlobalSection(SolutionConfigurationPlatforms) = preSolution
		Debug|Any CPU = Debug|Any CPU
		Release|Any CPU = Release|Any CPU
	EndGlobalSection
	GlobalSection(ProjectConfigurationPlatforms) = postSolution
		{53CBE7CE-391B-828D-3751-F656CDB660AD}.Debug|Any CPU.ActiveCfg = Debug|Any CPU
		{53CBE7CE-391B-828D-3751-F656CDB660AD}.Debug|Any CPU.Build.0 = Debug|Any CPU
		{53CBE7CE-391B-828D-3751-F656CDB660AD}.Release|Any CPU.ActiveCfg = Release|Any CPU
		{53CBE7CE-391B-828D-3751-F656CDB660AD}.Release|Any CPU.Build.0 = Release|Any CPU
	EndGlobalSection
	GlobalSection(SolutionProperties) = preSolution
		HideSolutionNode = FALSE
	EndGlobalSection
	GlobalSection(MonoDevelopProperties) = preSolution
		StartupItem = Assembly-CSharp.csproj
	EndGlobalSection
EndGlobal
