Microsoft Visual Studio Solution File, Format Version 11.00
# Visual Studio 2008

Project("{C018E998-3E75-EC97-D87F-A5E860CF7FF7}") = "Action Pool", "Assembly-CSharp.csproj", "{9654F0C9-9FDF-A034-7FCE-5AE31C11A93A}"
EndProject
Global
	GlobalSection(SolutionConfigurationPlatforms) = preSolution
		Debug|Any CPU = Debug|Any CPU
		Release|Any CPU = Release|Any CPU
	EndGlobalSection
	GlobalSection(ProjectConfigurationPlatforms) = postSolution
		{9654F0C9-9FDF-A034-7FCE-5AE31C11A93A}.Debug|Any CPU.ActiveCfg = Debug|Any CPU
		{9654F0C9-9FDF-A034-7FCE-5AE31C11A93A}.Debug|Any CPU.Build.0 = Debug|Any CPU
		{9654F0C9-9FDF-A034-7FCE-5AE31C11A93A}.Release|Any CPU.ActiveCfg = Release|Any CPU
		{9654F0C9-9FDF-A034-7FCE-5AE31C11A93A}.Release|Any CPU.Build.0 = Release|Any CPU
	EndGlobalSection
	GlobalSection(SolutionProperties) = preSolution
		HideSolutionNode = FALSE
	EndGlobalSection
	GlobalSection(MonoDevelopProperties) = preSolution
		StartupItem = Assembly-CSharp.csproj
	EndGlobalSection
EndGlobal
